
Microsoft Visual Studio Solution File, Format Version 12.00
# Visual Studio Version 17
VisualStudioVersion = 17.4.33213.308
MinimumVisualStudioVersion = 10.0.40219.1
Project("{FAE04EC0-301F-11D3-BF4B-00C04F79EFBC}") = "SingletonPattern", "SingletonPattern.csproj", "{037954B2-BE54-4A81-A9D4-183F81606404}"
EndProject
Global
	GlobalSection(SolutionConfigurationPlatforms) = preSolution
		Debug|Any CPU = Debug|Any CPU
		Release|Any CPU = Release|Any CPU
	EndGlobalSection
	GlobalSection(ProjectConfigurationPlatforms) = postSolution
		{037954B2-BE54-4A81-A9D4-183F81606404}.Debug|Any CPU.ActiveCfg = Debug|Any CPU
		{037954B2-BE54-4A81-A9D4-183F81606404}.Debug|Any CPU.Build.0 = Debug|Any CPU
		{037954B2-BE54-4A81-A9D4-183F81606404}.Release|Any CPU.ActiveCfg = Release|Any CPU
		{037954B2-BE54-4A81-A9D4-183F81606404}.Release|Any CPU.Build.0 = Release|Any CPU
	EndGlobalSection
	GlobalSection(SolutionProperties) = preSolution
		HideSolutionNode = FALSE
	EndGlobalSection
	GlobalSection(ExtensibilityGlobals) = postSolution
		SolutionGuid = {13FB5B97-878C-4782-9647-A3EC8617D213}
	EndGlobalSection
EndGlobal
